
Microsoft Visual Studio Solution File, Format Version 12.00
# Visual Studio Version 17
VisualStudioVersion = 17.6.33829.357
MinimumVisualStudioVersion = 10.0.40219.1
Project("{FAE04EC0-301F-11D3-BF4B-00C04F79EFBC}") = "TechworldCL", "TechworldCL\TechworldCL.csproj", "{77E09A4A-FBFA-4E24-A331-4BB45C18193D}"
EndProject
Project("{FAE04EC0-301F-11D3-BF4B-00C04F79EFBC}") = "techworldapp", "techworldapp\techworldapp.csproj", "{25B816CD-0702-4276-AA6B-A12A7F70CBB2}"
EndProject
Global
	GlobalSection(SolutionConfigurationPlatforms) = preSolution
		Debug|Any CPU = Debug|Any CPU
		Release|Any CPU = Release|Any CPU
	EndGlobalSection
	GlobalSection(ProjectConfigurationPlatforms) = postSolution
		{77E09A4A-FBFA-4E24-A331-4BB45C18193D}.Debug|Any CPU.ActiveCfg = Debug|Any CPU
		{77E09A4A-FBFA-4E24-A331-4BB45C18193D}.Debug|Any CPU.Build.0 = Debug|Any CPU
		{77E09A4A-FBFA-4E24-A331-4BB45C18193D}.Release|Any CPU.ActiveCfg = Release|Any CPU
		{77E09A4A-FBFA-4E24-A331-4BB45C18193D}.Release|Any CPU.Build.0 = Release|Any CPU
		{25B816CD-0702-4276-AA6B-A12A7F70CBB2}.Debug|Any CPU.ActiveCfg = Debug|Any CPU
		{25B816CD-0702-4276-AA6B-A12A7F70CBB2}.Debug|Any CPU.Build.0 = Debug|Any CPU
		{25B816CD-0702-4276-AA6B-A12A7F70CBB2}.Release|Any CPU.ActiveCfg = Release|Any CPU
		{25B816CD-0702-4276-AA6B-A12A7F70CBB2}.Release|Any CPU.Build.0 = Release|Any CPU
	EndGlobalSection
	GlobalSection(SolutionProperties) = preSolution
		HideSolutionNode = FALSE
	EndGlobalSection
	GlobalSection(ExtensibilityGlobals) = postSolution
		SolutionGuid = {24B0EF5E-EE36-4C43-BBA1-0229D6C505A4}
	EndGlobalSection
EndGlobal
